{
  "pins" : [
    {
      "identity" : "kmmlibrary-ios",
      "kind" : "remoteSourceControl",
      "location" : "https://github.com/akhilbalakrishnanl7/kmmlibrary-iOS.git",
      "state" : {
        "branch" : "main",
        "revision" : "51785247a9d2e8e0594eae34173826d81da5e7c3"
      }
    }
  ],
  "version" : 2
}
